
Microsoft Visual Studio Solution File, Format Version 12.00
# Visual Studio Version 16
VisualStudioVersion = 16.0.29326.143
MinimumVisualStudioVersion = 10.0.40219.1
Project("{9A19103F-16F7-4668-BE54-9A1E7A4F7556}") = "Macrocosm", "Macrocosm.csproj", "{018C4C7F-5E02-4623-8C8D-83006001F87F}"
EndProject
Project("{2150E333-8FDC-42A3-9474-1A3956D46DE8}") = "website", "website", "{0261DF88-77EA-49D4-8D46-FBBF23CF5E7E}"
EndProject
Project("{2150E333-8FDC-42A3-9474-1A3956D46DE8}") = "crawler", "crawler", "{760B5CCD-EBE9-4F42-B068-47BED0B04F41}"
EndProject
Project("{9A19103F-16F7-4668-BE54-9A1E7A4F7556}") = "CrawlerTask", "..\CrawlerTask\CrawlerTask.csproj", "{EF986618-913E-48CF-BB00-D0F5636D579C}"
EndProject
Global
	GlobalSection(SolutionConfigurationPlatforms) = preSolution
		Debug|Any CPU = Debug|Any CPU
		Release|Any CPU = Release|Any CPU
	EndGlobalSection
	GlobalSection(ProjectConfigurationPlatforms) = postSolution
		{018C4C7F-5E02-4623-8C8D-83006001F87F}.Debug|Any CPU.ActiveCfg = Debug|Any CPU
		{018C4C7F-5E02-4623-8C8D-83006001F87F}.Debug|Any CPU.Build.0 = Debug|Any CPU
		{018C4C7F-5E02-4623-8C8D-83006001F87F}.Release|Any CPU.ActiveCfg = Release|Any CPU
		{018C4C7F-5E02-4623-8C8D-83006001F87F}.Release|Any CPU.Build.0 = Release|Any CPU
		{EF986618-913E-48CF-BB00-D0F5636D579C}.Debug|Any CPU.ActiveCfg = Debug|Any CPU
		{EF986618-913E-48CF-BB00-D0F5636D579C}.Debug|Any CPU.Build.0 = Debug|Any CPU
		{EF986618-913E-48CF-BB00-D0F5636D579C}.Release|Any CPU.ActiveCfg = Release|Any CPU
		{EF986618-913E-48CF-BB00-D0F5636D579C}.Release|Any CPU.Build.0 = Release|Any CPU
	EndGlobalSection
	GlobalSection(SolutionProperties) = preSolution
		HideSolutionNode = FALSE
	EndGlobalSection
	GlobalSection(NestedProjects) = preSolution
		{018C4C7F-5E02-4623-8C8D-83006001F87F} = {0261DF88-77EA-49D4-8D46-FBBF23CF5E7E}
		{EF986618-913E-48CF-BB00-D0F5636D579C} = {760B5CCD-EBE9-4F42-B068-47BED0B04F41}
	EndGlobalSection
	GlobalSection(ExtensibilityGlobals) = postSolution
		SolutionGuid = {AF08F80C-EBF1-4DF0-BDB1-954C278C5DBA}
	EndGlobalSection
	GlobalSection(TeamFoundationVersionControl) = preSolution
		SccNumberOfProjects = 3
		SccEnterpriseProvider = {4CA58AB2-18FA-4F8D-95D4-32DDF27D184C}
		SccTeamFoundationServer = https://saeworld.visualstudio.com/
		SccLocalPath0 = .
		SccProjectUniqueName1 = ..\\CrawlerTask\\CrawlerTask.csproj
		SccProjectTopLevelParentUniqueName1 = Macrocosm.sln
		SccProjectName1 = ../CrawlerTask
		SccLocalPath1 = ..\\CrawlerTask
		SccProjectUniqueName2 = Macrocosm.csproj
		SccProjectTopLevelParentUniqueName2 = Macrocosm.sln
		SccLocalPath2 = .
	EndGlobalSection
EndGlobal
